// !$*UTF8*$!
{
	archiveVersion = 1;
	classes = {
	};
	objectVersion = 55;
	objects = {

/* Begin PBXBuildFile section */
		D8D94EC659CC320B3B7D7239 /* Pods_iOS_TInder.framework in Frameworks */ = {isa = PBXBuildFile; fileRef = E6466DE20C86C73C64C5CBF5 /* Pods_iOS_TInder.framework */; };
		DC4DD9BF29E7A15C00562433 /* AppDelegate.swift in Sources */ = {isa = PBXBuildFile; fileRef = DC4DD9BE29E7A15C00562433 /* AppDelegate.swift */; };
		DC4DD9C129E7A15C00562433 /* SceneDelegate.swift in Sources */ = {isa = PBXBuildFile; fileRef = DC4DD9C029E7A15C00562433 /* SceneDelegate.swift */; };
		DC4DD9C329E7A15C00562433 /* MainViewController.swift in Sources */ = {isa = PBXBuildFile; fileRef = DC4DD9C229E7A15C00562433 /* MainViewController.swift */; };
		DC4DD9C629E7A15C00562433 /* Main.storyboard in Resources */ = {isa = PBXBuildFile; fileRef = DC4DD9C429E7A15C00562433 /* Main.storyboard */; };
		DC4DD9C829E7A15E00562433 /* Assets.xcassets in Resources */ = {isa = PBXBuildFile; fileRef = DC4DD9C729E7A15E00562433 /* Assets.xcassets */; };
		DC4DD9CB29E7A15E00562433 /* LaunchScreen.storyboard in Resources */ = {isa = PBXBuildFile; fileRef = DC4DD9C929E7A15E00562433 /* LaunchScreen.storyboard */; };
		DC4DD9D529E7AAB700562433 /* TopNavigationStackView.swift in Sources */ = {isa = PBXBuildFile; fileRef = DC4DD9D429E7AAB700562433 /* TopNavigationStackView.swift */; };
		DC4DD9D729E7AAEA00562433 /* HomeBottomControlsStackView.swift in Sources */ = {isa = PBXBuildFile; fileRef = DC4DD9D629E7AAEA00562433 /* HomeBottomControlsStackView.swift */; };
		DC4DD9D929E7B92500562433 /* CardView.swift in Sources */ = {isa = PBXBuildFile; fileRef = DC4DD9D829E7B92500562433 /* CardView.swift */; };
		DC5F5DA829E9A3E2003C498C /* Advertiser.swift in Sources */ = {isa = PBXBuildFile; fileRef = DC5F5DA729E9A3E2003C498C /* Advertiser.swift */; };
		DCBA41B729E90BEA0051F2A8 /* User.swift in Sources */ = {isa = PBXBuildFile; fileRef = DCBA41B629E90BEA0051F2A8 /* User.swift */; };
		DCBA41B929E90CEC0051F2A8 /* CardViewModel.swift in Sources */ = {isa = PBXBuildFile; fileRef = DCBA41B829E90CEC0051F2A8 /* CardViewModel.swift */; };
/* End PBXBuildFile section */

/* Begin PBXFileReference section */
		C1EB017DA8E04DD44DC12390 /* Pods-iOS_TInder.release.xcconfig */ = {isa = PBXFileReference; includeInIndex = 1; lastKnownFileType = text.xcconfig; name = "Pods-iOS_TInder.release.xcconfig"; path = "Target Support Files/Pods-iOS_TInder/Pods-iOS_TInder.release.xcconfig"; sourceTree = "<group>"; };
		D2E763F021D7E297A60CEDA5 /* Pods-iOS_TInder.debug.xcconfig */ = {isa = PBXFileReference; includeInIndex = 1; lastKnownFileType = text.xcconfig; name = "Pods-iOS_TInder.debug.xcconfig"; path = "Target Support Files/Pods-iOS_TInder/Pods-iOS_TInder.debug.xcconfig"; sourceTree = "<group>"; };
		DC4DD9BB29E7A15C00562433 /* iOS_TInder.app */ = {isa = PBXFileReference; explicitFileType = wrapper.application; includeInIndex = 0; path = iOS_TInder.app; sourceTree = BUILT_PRODUCTS_DIR; };
		DC4DD9BE29E7A15C00562433 /* AppDelegate.swift */ = {isa = PBXFileReference; lastKnownFileType = sourcecode.swift; path = AppDelegate.swift; sourceTree = "<group>"; };
		DC4DD9C029E7A15C00562433 /* SceneDelegate.swift */ = {isa = PBXFileReference; lastKnownFileType = sourcecode.swift; path = SceneDelegate.swift; sourceTree = "<group>"; };
		DC4DD9C229E7A15C00562433 /* MainViewController.swift */ = {isa = PBXFileReference; lastKnownFileType = sourcecode.swift; path = MainViewController.swift; sourceTree = "<group>"; };
		DC4DD9C529E7A15C00562433 /* Base */ = {isa = PBXFileReference; lastKnownFileType = file.storyboard; name = Base; path = Base.lproj/Main.storyboard; sourceTree = "<group>"; };
		DC4DD9C729E7A15E00562433 /* Assets.xcassets */ = {isa = PBXFileReference; lastKnownFileType = folder.assetcatalog; path = Assets.xcassets; sourceTree = "<group>"; };
		DC4DD9CA29E7A15E00562433 /* Base */ = {isa = PBXFileReference; lastKnownFileType = file.storyboard; name = Base; path = Base.lproj/LaunchScreen.storyboard; sourceTree = "<group>"; };
		DC4DD9CC29E7A15E00562433 /* Info.plist */ = {isa = PBXFileReference; lastKnownFileType = text.plist.xml; path = Info.plist; sourceTree = "<group>"; };
		DC4DD9D429E7AAB700562433 /* TopNavigationStackView.swift */ = {isa = PBXFileReference; lastKnownFileType = sourcecode.swift; path = TopNavigationStackView.swift; sourceTree = "<group>"; };
		DC4DD9D629E7AAEA00562433 /* HomeBottomControlsStackView.swift */ = {isa = PBXFileReference; lastKnownFileType = sourcecode.swift; path = HomeBottomControlsStackView.swift; sourceTree = "<group>"; };
		DC4DD9D829E7B92500562433 /* CardView.swift */ = {isa = PBXFileReference; lastKnownFileType = sourcecode.swift; path = CardView.swift; sourceTree = "<group>"; };
		DC5F5DA729E9A3E2003C498C /* Advertiser.swift */ = {isa = PBXFileReference; lastKnownFileType = sourcecode.swift; path = Advertiser.swift; sourceTree = "<group>"; };
		DCBA41B629E90BEA0051F2A8 /* User.swift */ = {isa = PBXFileReference; lastKnownFileType = sourcecode.swift; path = User.swift; sourceTree = "<group>"; };
		DCBA41B829E90CEC0051F2A8 /* CardViewModel.swift */ = {isa = PBXFileReference; lastKnownFileType = sourcecode.swift; path = CardViewModel.swift; sourceTree = "<group>"; };
		E6466DE20C86C73C64C5CBF5 /* Pods_iOS_TInder.framework */ = {isa = PBXFileReference; explicitFileType = wrapper.framework; includeInIndex = 0; path = Pods_iOS_TInder.framework; sourceTree = BUILT_PRODUCTS_DIR; };
/* End PBXFileReference section */

/* Begin PBXFrameworksBuildPhase section */
		DC4DD9B829E7A15C00562433 /* Frameworks */ = {
			isa = PBXFrameworksBuildPhase;
			buildActionMask = 2147483647;
			files = (
				D8D94EC659CC320B3B7D7239 /* Pods_iOS_TInder.framework in Frameworks */,
			);
			runOnlyForDeploymentPostprocessing = 0;
		};
/* End PBXFrameworksBuildPhase section */

/* Begin PBXGroup section */
		4FD3FCF1BFA11182213902D2 /* Frameworks */ = {
			isa = PBXGroup;
			children = (
				E6466DE20C86C73C64C5CBF5 /* Pods_iOS_TInder.framework */,
			);
			name = Frameworks;
			sourceTree = "<group>";
		};
		7C17B3051DF595FCC13A2E57 /* Pods */ = {
			isa = PBXGroup;
			children = (
				D2E763F021D7E297A60CEDA5 /* Pods-iOS_TInder.debug.xcconfig */,
				C1EB017DA8E04DD44DC12390 /* Pods-iOS_TInder.release.xcconfig */,
			);
			path = Pods;
			sourceTree = "<group>";
		};
		DC4DD9B229E7A15C00562433 = {
			isa = PBXGroup;
			children = (
				DC4DD9BD29E7A15C00562433 /* iOS_TInder */,
				DC4DD9BC29E7A15C00562433 /* Products */,
				7C17B3051DF595FCC13A2E57 /* Pods */,
				4FD3FCF1BFA11182213902D2 /* Frameworks */,
			);
			sourceTree = "<group>";
		};
		DC4DD9BC29E7A15C00562433 /* Products */ = {
			isa = PBXGroup;
			children = (
				DC4DD9BB29E7A15C00562433 /* iOS_TInder.app */,
			);
			name = Products;
			sourceTree = "<group>";
		};
		DC4DD9BD29E7A15C00562433 /* iOS_TInder */ = {
			isa = PBXGroup;
			children = (
				DCBA41B529E90BDA0051F2A8 /* ViewModel */,
				DCBA41B429E90BD60051F2A8 /* Model */,
				DC4DD9D329E7A61300562433 /* View */,
				DC4DD9D229E7A26300562433 /* Delegate */,
				DC4DD9C429E7A15C00562433 /* Main.storyboard */,
				DC4DD9C729E7A15E00562433 /* Assets.xcassets */,
				DC4DD9C929E7A15E00562433 /* LaunchScreen.storyboard */,
				DC4DD9CC29E7A15E00562433 /* Info.plist */,
			);
			path = iOS_TInder;
			sourceTree = "<group>";
		};
		DC4DD9D229E7A26300562433 /* Delegate */ = {
			isa = PBXGroup;
			children = (
				DC4DD9BE29E7A15C00562433 /* AppDelegate.swift */,
				DC4DD9C029E7A15C00562433 /* SceneDelegate.swift */,
			);
			path = Delegate;
			sourceTree = "<group>";
		};
		DC4DD9D329E7A61300562433 /* View */ = {
			isa = PBXGroup;
			children = (
				DC4DD9D429E7AAB700562433 /* TopNavigationStackView.swift */,
				DC4DD9D629E7AAEA00562433 /* HomeBottomControlsStackView.swift */,
				DC4DD9D829E7B92500562433 /* CardView.swift */,
				DCBA41B329E90BCA0051F2A8 /* Controller */,
			);
			path = View;
			sourceTree = "<group>";
		};
		DCBA41B329E90BCA0051F2A8 /* Controller */ = {
			isa = PBXGroup;
			children = (
				DC4DD9C229E7A15C00562433 /* MainViewController.swift */,
			);
			path = Controller;
			sourceTree = "<group>";
		};
		DCBA41B429E90BD60051F2A8 /* Model */ = {
			isa = PBXGroup;
			children = (
				DCBA41B629E90BEA0051F2A8 /* User.swift */,
				DC5F5DA729E9A3E2003C498C /* Advertiser.swift */,
			);
			path = Model;
			sourceTree = "<group>";
		};
		DCBA41B529E90BDA0051F2A8 /* ViewModel */ = {
			isa = PBXGroup;
			children = (
				DCBA41B829E90CEC0051F2A8 /* CardViewModel.swift */,
			);
			path = ViewModel;
			sourceTree = "<group>";
		};
/* End PBXGroup section */

/* Begin PBXNativeTarget section */
		DC4DD9BA29E7A15C00562433 /* iOS_TInder */ = {
			isa = PBXNativeTarget;
			buildConfigurationList = DC4DD9CF29E7A15E00562433 /* Build configuration list for PBXNativeTarget "iOS_TInder" */;
			buildPhases = (
				E2290CA9BB5A2B4BB148F7B7 /* [CP] Check Pods Manifest.lock */,
				DC4DD9B729E7A15C00562433 /* Sources */,
				DC4DD9B829E7A15C00562433 /* Frameworks */,
				DC4DD9B929E7A15C00562433 /* Resources */,
				80031D84EE6710E5776F631C /* [CP] Embed Pods Frameworks */,
			);
			buildRules = (
			);
			dependencies = (
			);
			name = iOS_TInder;
			productName = iOS_TInder;
			productReference = DC4DD9BB29E7A15C00562433 /* iOS_TInder.app */;
			productType = "com.apple.product-type.application";
		};
/* End PBXNativeTarget section */

/* Begin PBXProject section */
		DC4DD9B329E7A15C00562433 /* Project object */ = {
			isa = PBXProject;
			attributes = {
				BuildIndependentTargetsInParallel = 1;
				LastSwiftUpdateCheck = 1340;
				LastUpgradeCheck = 1340;
				TargetAttributes = {
					DC4DD9BA29E7A15C00562433 = {
						CreatedOnToolsVersion = 13.4.1;
					};
				};
			};
			buildConfigurationList = DC4DD9B629E7A15C00562433 /* Build configuration list for PBXProject "iOS_TInder" */;
			compatibilityVersion = "Xcode 13.0";
			developmentRegion = en;
			hasScannedForEncodings = 0;
			knownRegions = (
				en,
				Base,
			);
			mainGroup = DC4DD9B229E7A15C00562433;
			productRefGroup = DC4DD9BC29E7A15C00562433 /* Products */;
			projectDirPath = "";
			projectRoot = "";
			targets = (
				DC4DD9BA29E7A15C00562433 /* iOS_TInder */,
			);
		};
/* End PBXProject section */

/* Begin PBXResourcesBuildPhase section */
		DC4DD9B929E7A15C00562433 /* Resources */ = {
			isa = PBXResourcesBuildPhase;
			buildActionMask = 2147483647;
			files = (
				DC4DD9CB29E7A15E00562433 /* LaunchScreen.storyboard in Resources */,
				DC4DD9C829E7A15E00562433 /* Assets.xcassets in Resources */,
				DC4DD9C629E7A15C00562433 /* Main.storyboard in Resources */,
			);
			runOnlyForDeploymentPostprocessing = 0;
		};
/* End PBXResourcesBuildPhase section */

/* Begin PBXShellScriptBuildPhase section */
		80031D84EE6710E5776F631C /* [CP] Embed Pods Frameworks */ = {
			isa = PBXShellScriptBuildPhase;
			buildActionMask = 2147483647;
			files = (
			);
			inputFileListPaths = (
				"${PODS_ROOT}/Target Support Files/Pods-iOS_TInder/Pods-iOS_TInder-frameworks-${CONFIGURATION}-input-files.xcfilelist",
			);
			name = "[CP] Embed Pods Frameworks";
			outputFileListPaths = (
				"${PODS_ROOT}/Target Support Files/Pods-iOS_TInder/Pods-iOS_TInder-frameworks-${CONFIGURATION}-output-files.xcfilelist",
			);
			runOnlyForDeploymentPostprocessing = 0;
			shellPath = /bin/sh;
			shellScript = "\"${PODS_ROOT}/Target Support Files/Pods-iOS_TInder/Pods-iOS_TInder-frameworks.sh\"\n";
			showEnvVarsInLog = 0;
		};
		E2290CA9BB5A2B4BB148F7B7 /* [CP] Check Pods Manifest.lock */ = {
			isa = PBXShellScriptBuildPhase;
			buildActionMask = 2147483647;
			files = (
			);
			inputFileListPaths = (
			);
			inputPaths = (
				"${PODS_PODFILE_DIR_PATH}/Podfile.lock",
				"${PODS_ROOT}/Manifest.lock",
			);
			name = "[CP] Check Pods Manifest.lock";
			outputFileListPaths = (
			);
			outputPaths = (
				"$(DERIVED_FILE_DIR)/Pods-iOS_TInder-checkManifestLockResult.txt",
			);
			runOnlyForDeploymentPostprocessing = 0;
			shellPath = /bin/sh;
			shellScript = "diff \"${PODS_PODFILE_DIR_PATH}/Podfile.lock\" \"${PODS_ROOT}/Manifest.lock\" > /dev/null\nif [ $? != 0 ] ; then\n    # print error to STDERR\n    echo \"error: The sandbox is not in sync with the Podfile.lock. Run 'pod install' or update your CocoaPods installation.\" >&2\n    exit 1\nfi\n# This output is used by Xcode 'outputs' to avoid re-running this script phase.\necho \"SUCCESS\" > \"${SCRIPT_OUTPUT_FILE_0}\"\n";
			showEnvVarsInLog = 0;
		};
/* End PBXShellScriptBuildPhase section */

/* Begin PBXSourcesBuildPhase section */
		DC4DD9B729E7A15C00562433 /* Sources */ = {
			isa = PBXSourcesBuildPhase;
			buildActionMask = 2147483647;
			files = (
				DC4DD9C329E7A15C00562433 /* MainViewController.swift in Sources */,
				DC4DD9BF29E7A15C00562433 /* AppDelegate.swift in Sources */,
				DC5F5DA829E9A3E2003C498C /* Advertiser.swift in Sources */,
				DC4DD9D729E7AAEA00562433 /* HomeBottomControlsStackView.swift in Sources */,
				DC4DD9C129E7A15C00562433 /* SceneDelegate.swift in Sources */,
				DCBA41B929E90CEC0051F2A8 /* CardViewModel.swift in Sources */,
				DC4DD9D929E7B92500562433 /* CardView.swift in Sources */,
				DC4DD9D529E7AAB700562433 /* TopNavigationStackView.swift in Sources */,
				DCBA41B729E90BEA0051F2A8 /* User.swift in Sources */,
			);
			runOnlyForDeploymentPostprocessing = 0;
		};
/* End PBXSourcesBuildPhase section */

/* Begin PBXVariantGroup section */
		DC4DD9C429E7A15C00562433 /* Main.storyboard */ = {
			isa = PBXVariantGroup;
			children = (
				DC4DD9C529E7A15C00562433 /* Base */,
			);
			name = Main.storyboard;
			sourceTree = "<group>";
		};
		DC4DD9C929E7A15E00562433 /* LaunchScreen.storyboard */ = {
			isa = PBXVariantGroup;
			children = (
				DC4DD9CA29E7A15E00562433 /* Base */,
			);
			name = LaunchScreen.storyboard;
			sourceTree = "<group>";
		};
/* End PBXVariantGroup section */

/* Begin XCBuildConfiguration section */
		DC4DD9CD29E7A15E00562433 /* Debug */ = {
			isa = XCBuildConfiguration;
			buildSettings = {
				ALWAYS_SEARCH_USER_PATHS = NO;
				CLANG_ANALYZER_NONNULL = YES;
				CLANG_ANALYZER_NUMBER_OBJECT_CONVERSION = YES_AGGRESSIVE;
				CLANG_CXX_LANGUAGE_STANDARD = "gnu++17";
				CLANG_ENABLE_MODULES = YES;
				CLANG_ENABLE_OBJC_ARC = YES;
				CLANG_ENABLE_OBJC_WEAK = YES;
				CLANG_WARN_BLOCK_CAPTURE_AUTORELEASING = YES;
				CLANG_WARN_BOOL_CONVERSION = YES;
				CLANG_WARN_COMMA = YES;
				CLANG_WARN_CONSTANT_CONVERSION = YES;
				CLANG_WARN_DEPRECATED_OBJC_IMPLEMENTATIONS = YES;
				CLANG_WARN_DIRECT_OBJC_ISA_USAGE = YES_ERROR;
				CLANG_WARN_DOCUMENTATION_COMMENTS = YES;
				CLANG_WARN_EMPTY_BODY = YES;
				CLANG_WARN_ENUM_CONVERSION = YES;
				CLANG_WARN_INFINITE_RECURSION = YES;
				CLANG_WARN_INT_CONVERSION = YES;
				CLANG_WARN_NON_LITERAL_NULL_CONVERSION = YES;
				CLANG_WARN_OBJC_IMPLICIT_RETAIN_SELF = YES;
				CLANG_WARN_OBJC_LITERAL_CONVERSION = YES;
				CLANG_WARN_OBJC_ROOT_CLASS = YES_ERROR;
				CLANG_WARN_QUOTED_INCLUDE_IN_FRAMEWORK_HEADER = YES;
				CLANG_WARN_RANGE_LOOP_ANALYSIS = YES;
				CLANG_WARN_STRICT_PROTOTYPES = YES;
				CLANG_WARN_SUSPICIOUS_MOVE = YES;
				CLANG_WARN_UNGUARDED_AVAILABILITY = YES_AGGRESSIVE;
				CLANG_WARN_UNREACHABLE_CODE = YES;
				CLANG_WARN__DUPLICATE_METHOD_MATCH = YES;
				COPY_PHASE_STRIP = NO;
				DEBUG_INFORMATION_FORMAT = dwarf;
				ENABLE_STRICT_OBJC_MSGSEND = YES;
				ENABLE_TESTABILITY = YES;
				GCC_C_LANGUAGE_STANDARD = gnu11;
				GCC_DYNAMIC_NO_PIC = NO;
				GCC_NO_COMMON_BLOCKS = YES;
				GCC_OPTIMIZATION_LEVEL = 0;
				GCC_PREPROCESSOR_DEFINITIONS = (
					"DEBUG=1",
					"$(inherited)",
				);
				GCC_WARN_64_TO_32_BIT_CONVERSION = YES;
				GCC_WARN_ABOUT_RETURN_TYPE = YES_ERROR;
				GCC_WARN_UNDECLARED_SELECTOR = YES;
				GCC_WARN_UNINITIALIZED_AUTOS = YES_AGGRESSIVE;
				GCC_WARN_UNUSED_FUNCTION = YES;
				GCC_WARN_UNUSED_VARIABLE = YES;
				IPHONEOS_DEPLOYMENT_TARGET = 15.5;
				MTL_ENABLE_DEBUG_INFO = INCLUDE_SOURCE;
				MTL_FAST_MATH = YES;
				ONLY_ACTIVE_ARCH = YES;
				SDKROOT = iphoneos;
				SWIFT_ACTIVE_COMPILATION_CONDITIONS = DEBUG;
				SWIFT_OPTIMIZATION_LEVEL = "-Onone";
			};
			name = Debug;
		};
		DC4DD9CE29E7A15E00562433 /* Release */ = {
			isa = XCBuildConfiguration;
			buildSettings = {
				ALWAYS_SEARCH_USER_PATHS = NO;
				CLANG_ANALYZER_NONNULL = YES;
				CLANG_ANALYZER_NUMBER_OBJECT_CONVERSION = YES_AGGRESSIVE;
				CLANG_CXX_LANGUAGE_STANDARD = "gnu++17";
				CLANG_ENABLE_MODULES = YES;
				CLANG_ENABLE_OBJC_ARC = YES;
				CLANG_ENABLE_OBJC_WEAK = YES;
				CLANG_WARN_BLOCK_CAPTURE_AUTORELEASING = YES;
				CLANG_WARN_BOOL_CONVERSION = YES;
				CLANG_WARN_COMMA = YES;
				CLANG_WARN_CONSTANT_CONVERSION = YES;
				CLANG_WARN_DEPRECATED_OBJC_IMPLEMENTATIONS = YES;
				CLANG_WARN_DIRECT_OBJC_ISA_USAGE = YES_ERROR;
				CLANG_WARN_DOCUMENTATION_COMMENTS = YES;
				CLANG_WARN_EMPTY_BODY = YES;
				CLANG_WARN_ENUM_CONVERSION = YES;
				CLANG_WARN_INFINITE_RECURSION = YES;
				CLANG_WARN_INT_CONVERSION = YES;
				CLANG_WARN_NON_LITERAL_NULL_CONVERSION = YES;
				CLANG_WARN_OBJC_IMPLICIT_RETAIN_SELF = YES;
				CLANG_WARN_OBJC_LITERAL_CONVERSION = YES;
				CLANG_WARN_OBJC_ROOT_CLASS = YES_ERROR;
				CLANG_WARN_QUOTED_INCLUDE_IN_FRAMEWORK_HEADER = YES;
				CLANG_WARN_RANGE_LOOP_ANALYSIS = YES;
				CLANG_WARN_STRICT_PROTOTYPES = YES;
				CLANG_WARN_SUSPICIOUS_MOVE = YES;
				CLANG_WARN_UNGUARDED_AVAILABILITY = YES_AGGRESSIVE;
				CLANG_WARN_UNREACHABLE_CODE = YES;
				CLANG_WARN__DUPLICATE_METHOD_MATCH = YES;
				COPY_PHASE_STRIP = NO;
				DEBUG_INFORMATION_FORMAT = "dwarf-with-dsym";
				ENABLE_NS_ASSERTIONS = NO;
				ENABLE_STRICT_OBJC_MSGSEND = YES;
				GCC_C_LANGUAGE_STANDARD = gnu11;
				GCC_NO_COMMON_BLOCKS = YES;
				GCC_WARN_64_TO_32_BIT_CONVERSION = YES;
				GCC_WARN_ABOUT_RETURN_TYPE = YES_ERROR;
				GCC_WARN_UNDECLARED_SELECTOR = YES;
				GCC_WARN_UNINITIALIZED_AUTOS = YES_AGGRESSIVE;
				GCC_WARN_UNUSED_FUNCTION = YES;
				GCC_WARN_UNUSED_VARIABLE = YES;
				IPHONEOS_DEPLOYMENT_TARGET = 15.5;
				MTL_ENABLE_DEBUG_INFO = NO;
				MTL_FAST_MATH = YES;
				SDKROOT = iphoneos;
				SWIFT_COMPILATION_MODE = wholemodule;
				SWIFT_OPTIMIZATION_LEVEL = "-O";
				VALIDATE_PRODUCT = YES;
			};
			name = Release;
		};
		DC4DD9D029E7A15E00562433 /* Debug */ = {
			isa = XCBuildConfiguration;
			baseConfigurationReference = D2E763F021D7E297A60CEDA5 /* Pods-iOS_TInder.debug.xcconfig */;
			buildSettings = {
				ASSETCATALOG_COMPILER_APPICON_NAME = AppIcon;
				ASSETCATALOG_COMPILER_GLOBAL_ACCENT_COLOR_NAME = AccentColor;
				CODE_SIGN_STYLE = Automatic;
				CURRENT_PROJECT_VERSION = 1;
				GENERATE_INFOPLIST_FILE = YES;
				INFOPLIST_FILE = iOS_TInder/Info.plist;
				INFOPLIST_KEY_UIApplicationSupportsIndirectInputEvents = YES;
				INFOPLIST_KEY_UILaunchStoryboardName = LaunchScreen;
				INFOPLIST_KEY_UIMainStoryboardFile = Main;
				INFOPLIST_KEY_UISupportedInterfaceOrientations = UIInterfaceOrientationPortrait;
				INFOPLIST_KEY_UISupportedInterfaceOrientations_iPad = "UIInterfaceOrientationPortrait UIInterfaceOrientationPortraitUpsideDown UIInterfaceOrientationLandscapeLeft UIInterfaceOrientationLandscapeRight";
				INFOPLIST_KEY_UISupportedInterfaceOrientations_iPhone = "UIInterfaceOrientationPortrait UIInterfaceOrientationLandscapeLeft UIInterfaceOrientationLandscapeRight";
				LD_RUNPATH_SEARCH_PATHS = (
					"$(inherited)",
					"@executable_path/Frameworks",
				);
				MARKETING_VERSION = 1.0;
				PRODUCT_BUNDLE_IDENTIFIER = "-.iOS-TInder";
				PRODUCT_NAME = "$(TARGET_NAME)";
				SWIFT_EMIT_LOC_STRINGS = YES;
				SWIFT_VERSION = 5.0;
				TARGETED_DEVICE_FAMILY = 1;
			};
			name = Debug;
		};
		DC4DD9D129E7A15E00562433 /* Release */ = {
			isa = XCBuildConfiguration;
			baseConfigurationReference = C1EB017DA8E04DD44DC12390 /* Pods-iOS_TInder.release.xcconfig */;
			buildSettings = {
				ASSETCATALOG_COMPILER_APPICON_NAME = AppIcon;
				ASSETCATALOG_COMPILER_GLOBAL_ACCENT_COLOR_NAME = AccentColor;
				CODE_SIGN_STYLE = Automatic;
				CURRENT_PROJECT_VERSION = 1;
				GENERATE_INFOPLIST_FILE = YES;
				INFOPLIST_FILE = iOS_TInder/Info.plist;
				INFOPLIST_KEY_UIApplicationSupportsIndirectInputEvents = YES;
				INFOPLIST_KEY_UILaunchStoryboardName = LaunchScreen;
				INFOPLIST_KEY_UIMainStoryboardFile = Main;
				INFOPLIST_KEY_UISupportedInterfaceOrientations = UIInterfaceOrientationPortrait;
				INFOPLIST_KEY_UISupportedInterfaceOrientations_iPad = "UIInterfaceOrientationPortrait UIInterfaceOrientationPortraitUpsideDown UIInterfaceOrientationLandscapeLeft UIInterfaceOrientationLandscapeRight";
				INFOPLIST_KEY_UISupportedInterfaceOrientations_iPhone = "UIInterfaceOrientationPortrait UIInterfaceOrientationLandscapeLeft UIInterfaceOrientationLandscapeRight";
				LD_RUNPATH_SEARCH_PATHS = (
					"$(inherited)",
					"@executable_path/Frameworks",
				);
				MARKETING_VERSION = 1.0;
				PRODUCT_BUNDLE_IDENTIFIER = "-.iOS-TInder";
				PRODUCT_NAME = "$(TARGET_NAME)";
				SWIFT_EMIT_LOC_STRINGS = YES;
				SWIFT_VERSION = 5.0;
				TARGETED_DEVICE_FAMILY = 1;
			};
			name = Release;
		};
/* End XCBuildConfiguration section */

/* Begin XCConfigurationList section */
		DC4DD9B629E7A15C00562433 /* Build configuration list for PBXProject "iOS_TInder" */ = {
			isa = XCConfigurationList;
			buildConfigurations = (
				DC4DD9CD29E7A15E00562433 /* Debug */,
				DC4DD9CE29E7A15E00562433 /* Release */,
			);
			defaultConfigurationIsVisible = 0;
			defaultConfigurationName = Release;
		};
		DC4DD9CF29E7A15E00562433 /* Build configuration list for PBXNativeTarget "iOS_TInder" */ = {
			isa = XCConfigurationList;
			buildConfigurations = (
				DC4DD9D029E7A15E00562433 /* Debug */,
				DC4DD9D129E7A15E00562433 /* Release */,
			);
			defaultConfigurationIsVisible = 0;
			defaultConfigurationName = Release;
		};
/* End XCConfigurationList section */
	};
	rootObject = DC4DD9B329E7A15C00562433 /* Project object */;
}
